
Microsoft Visual Studio Solution File, Format Version 12.00
# Visual Studio Version 16
VisualStudioVersion = 16.0.31727.386
MinimumVisualStudioVersion = 10.0.40219.1
Project("{FAE04EC0-301F-11D3-BF4B-00C04F79EFBC}") = "CWVC4C_HFT_2021221.Client", "CWVC4C_HFT_2021221.Client\CWVC4C_HFT_2021221.Client.csproj", "{7ABF1493-60E9-41FB-BD31-A96C1617485F}"
EndProject
Project("{FAE04EC0-301F-11D3-BF4B-00C04F79EFBC}") = "CWVC4C_HFT_2021221.Models", "CWVC4C_HFT_2021221.Models\CWVC4C_HFT_2021221.Models.csproj", "{AD8CD4FA-C605-4A95-A169-521482C76940}"
EndProject
Project("{FAE04EC0-301F-11D3-BF4B-00C04F79EFBC}") = "CWVC4C_HFT_2021221.Data", "CWVC4C_HFT_2021221.Data\CWVC4C_HFT_2021221.Data.csproj", "{BE358D9C-3DC1-4F56-A65A-1481500E89AA}"
EndProject
Project("{FAE04EC0-301F-11D3-BF4B-00C04F79EFBC}") = "CWVC4C_HFT_2021221.Logic", "CWVC4C_HFT_2021221.Logic\CWVC4C_HFT_2021221.Logic.csproj", "{CF3EC7EA-E197-49DE-8004-61A5394672D2}"
EndProject
Project("{FAE04EC0-301F-11D3-BF4B-00C04F79EFBC}") = "CWVC4C_HFT_2021221.Repository", "CWVC4C_HFT_2021221.Repository\CWVC4C_HFT_2021221.Repository.csproj", "{A5E51AA0-684E-4265-80E0-383AC241F96A}"
EndProject
Project("{FAE04EC0-301F-11D3-BF4B-00C04F79EFBC}") = "CWVC4C_HFT_2021221.Endpoint", "CWVC4C_HFT_2021221.Endpoint\CWVC4C_HFT_2021221.Endpoint.csproj", "{14E70B4B-60E5-427A-9375-F7D3AAA250C0}"
EndProject
Project("{FAE04EC0-301F-11D3-BF4B-00C04F79EFBC}") = "CWVC4C_HFT_2021221.Test", "CWVC4C_HFT_2021221.Test\CWVC4C_HFT_2021221.Test.csproj", "{D46B1975-CB70-4942-8F1F-00A2B1A5DC84}"
EndProject
Project("{2150E333-8FDC-42A3-9474-1A3956D46DE8}") = "Backend", "Backend", "{71A480DA-0971-4958-9317-C5AF56A310CD}"
EndProject
Project("{2150E333-8FDC-42A3-9474-1A3956D46DE8}") = "Shared", "Shared", "{FC08E665-FCBA-4BC9-AAB8-72632267E868}"
EndProject
Project("{2150E333-8FDC-42A3-9474-1A3956D46DE8}") = "Frontend", "Frontend", "{62F90DF0-EF9D-4810-B0C8-C4E6BF79407E}"
EndProject
Global
	GlobalSection(SolutionConfigurationPlatforms) = preSolution
		Debug|Any CPU = Debug|Any CPU
		Release|Any CPU = Release|Any CPU
	EndGlobalSection
	GlobalSection(ProjectConfigurationPlatforms) = postSolution
		{7ABF1493-60E9-41FB-BD31-A96C1617485F}.Debug|Any CPU.ActiveCfg = Debug|Any CPU
		{7ABF1493-60E9-41FB-BD31-A96C1617485F}.Debug|Any CPU.Build.0 = Debug|Any CPU
		{7ABF1493-60E9-41FB-BD31-A96C1617485F}.Release|Any CPU.ActiveCfg = Release|Any CPU
		{7ABF1493-60E9-41FB-BD31-A96C1617485F}.Release|Any CPU.Build.0 = Release|Any CPU
		{AD8CD4FA-C605-4A95-A169-521482C76940}.Debug|Any CPU.ActiveCfg = Debug|Any CPU
		{AD8CD4FA-C605-4A95-A169-521482C76940}.Debug|Any CPU.Build.0 = Debug|Any CPU
		{AD8CD4FA-C605-4A95-A169-521482C76940}.Release|Any CPU.ActiveCfg = Release|Any CPU
		{AD8CD4FA-C605-4A95-A169-521482C76940}.Release|Any CPU.Build.0 = Release|Any CPU
		{BE358D9C-3DC1-4F56-A65A-1481500E89AA}.Debug|Any CPU.ActiveCfg = Debug|Any CPU
		{BE358D9C-3DC1-4F56-A65A-1481500E89AA}.Debug|Any CPU.Build.0 = Debug|Any CPU
		{BE358D9C-3DC1-4F56-A65A-1481500E89AA}.Release|Any CPU.ActiveCfg = Release|Any CPU
		{BE358D9C-3DC1-4F56-A65A-1481500E89AA}.Release|Any CPU.Build.0 = Release|Any CPU
		{CF3EC7EA-E197-49DE-8004-61A5394672D2}.Debug|Any CPU.ActiveCfg = Debug|Any CPU
		{CF3EC7EA-E197-49DE-8004-61A5394672D2}.Debug|Any CPU.Build.0 = Debug|Any CPU
		{CF3EC7EA-E197-49DE-8004-61A5394672D2}.Release|Any CPU.ActiveCfg = Release|Any CPU
		{CF3EC7EA-E197-49DE-8004-61A5394672D2}.Release|Any CPU.Build.0 = Release|Any CPU
		{A5E51AA0-684E-4265-80E0-383AC241F96A}.Debug|Any CPU.ActiveCfg = Debug|Any CPU
		{A5E51AA0-684E-4265-80E0-383AC241F96A}.Debug|Any CPU.Build.0 = Debug|Any CPU
		{A5E51AA0-684E-4265-80E0-383AC241F96A}.Release|Any CPU.ActiveCfg = Release|Any CPU
		{A5E51AA0-684E-4265-80E0-383AC241F96A}.Release|Any CPU.Build.0 = Release|Any CPU
		{14E70B4B-60E5-427A-9375-F7D3AAA250C0}.Debug|Any CPU.ActiveCfg = Debug|Any CPU
		{14E70B4B-60E5-427A-9375-F7D3AAA250C0}.Debug|Any CPU.Build.0 = Debug|Any CPU
		{14E70B4B-60E5-427A-9375-F7D3AAA250C0}.Release|Any CPU.ActiveCfg = Release|Any CPU
		{14E70B4B-60E5-427A-9375-F7D3AAA250C0}.Release|Any CPU.Build.0 = Release|Any CPU
		{D46B1975-CB70-4942-8F1F-00A2B1A5DC84}.Debug|Any CPU.ActiveCfg = Debug|Any CPU
		{D46B1975-CB70-4942-8F1F-00A2B1A5DC84}.Debug|Any CPU.Build.0 = Debug|Any CPU
		{D46B1975-CB70-4942-8F1F-00A2B1A5DC84}.Release|Any CPU.ActiveCfg = Release|Any CPU
		{D46B1975-CB70-4942-8F1F-00A2B1A5DC84}.Release|Any CPU.Build.0 = Release|Any CPU
	EndGlobalSection
	GlobalSection(SolutionProperties) = preSolution
		HideSolutionNode = FALSE
	EndGlobalSection
	GlobalSection(NestedProjects) = preSolution
		{7ABF1493-60E9-41FB-BD31-A96C1617485F} = {62F90DF0-EF9D-4810-B0C8-C4E6BF79407E}
		{AD8CD4FA-C605-4A95-A169-521482C76940} = {FC08E665-FCBA-4BC9-AAB8-72632267E868}
		{BE358D9C-3DC1-4F56-A65A-1481500E89AA} = {71A480DA-0971-4958-9317-C5AF56A310CD}
		{CF3EC7EA-E197-49DE-8004-61A5394672D2} = {71A480DA-0971-4958-9317-C5AF56A310CD}
		{A5E51AA0-684E-4265-80E0-383AC241F96A} = {71A480DA-0971-4958-9317-C5AF56A310CD}
		{14E70B4B-60E5-427A-9375-F7D3AAA250C0} = {71A480DA-0971-4958-9317-C5AF56A310CD}
		{D46B1975-CB70-4942-8F1F-00A2B1A5DC84} = {71A480DA-0971-4958-9317-C5AF56A310CD}
	EndGlobalSection
	GlobalSection(ExtensibilityGlobals) = postSolution
		SolutionGuid = {0337EC3E-9565-4634-BAAC-EB064FEDDB20}
	EndGlobalSection
EndGlobal
